
Microsoft Visual Studio Solution File, Format Version 12.00
# Visual Studio Version 17
VisualStudioVersion = 17.11.35327.3
MinimumVisualStudioVersion = 10.0.40219.1
Project("{9A19103F-16F7-4668-BE54-9A1E7A4F7556}") = "IdentityServer", "IdentityServer\IdentityServer.csproj", "{16F99834-CBC8-4672-8E6A-38425AB78C00}"
EndProject
Project("{9A19103F-16F7-4668-BE54-9A1E7A4F7556}") = "IdentityServer.Test", "IdentityServer.Test\IdentityServer.Test.csproj", "{983135EB-0875-45A4-A67F-9813236080DA}"
EndProject
Project("{9A19103F-16F7-4668-BE54-9A1E7A4F7556}") = "IdentityServer.Data", "..\IdentityServer.Common\IdentityServer.Data\IdentityServer.Data.csproj", "{7692AC98-D093-4064-AEBF-7EF9D51CBBFB}"
EndProject
Project("{9A19103F-16F7-4668-BE54-9A1E7A4F7556}") = "IdentityServer.Core", "..\IdentityServer.Common\IdentityServer.Core\IdentityServer.Core.csproj", "{4B6EF40D-06DE-4688-9BAF-122B79C9CAE3}"
EndProject
Project("{9A19103F-16F7-4668-BE54-9A1E7A4F7556}") = "IdentityServer.Abstraction", "..\IdentityServer.Common\IdentityServer.Abstraction\IdentityServer.Abstraction.csproj", "{4D5BD425-C8DB-4466-A779-BF21808833AE}"
EndProject
Project("{B7DD6F7E-DEF8-4E67-B5B7-07EF123DB6F0}") = "IdentityServer.Setup", "IdentityServer.Setup\IdentityServer.Setup.wixproj", "{69844288-3CA1-40C9-AD3B-5B391A1A1498}"
EndProject
Project("{9A19103F-16F7-4668-BE54-9A1E7A4F7556}") = "IdentityServer.MicrosoftGraph", "..\IdentityServer.Common\IdentityServer.MicrosoftGraph\IdentityServer.MicrosoftGraph.csproj", "{157D289F-9768-4591-8077-0E7631CA8EE1}"
EndProject
Project("{9A19103F-16F7-4668-BE54-9A1E7A4F7556}") = "IdentityServer.Data.Test", "..\IdentityServer.Common\IdentityServer.Data.Test\IdentityServer.Data.Test.csproj", "{59862DE0-05B7-46BA-A31C-A32E9EF52118}"
EndProject
Project("{9A19103F-16F7-4668-BE54-9A1E7A4F7556}") = "IdentityServer.Tests.Common", "..\IdentityServer.Common\IdentityServer.Tests.Common\IdentityServer.Tests.Common.csproj", "{E112312C-AB6A-4634-B1CC-1993134710A3}"
EndProject
Project("{9A19103F-16F7-4668-BE54-9A1E7A4F7556}") = "IdentityServer.OnePassword", "..\IdentityServer.Common\IdentityServer.OnePassword\IdentityServer.OnePassword.csproj", "{3ED44ACD-5DB3-47F2-892F-F73A016A33CB}"
EndProject
Project("{9A19103F-16F7-4668-BE54-9A1E7A4F7556}") = "IdentityServer.OnePassword.Tests", "..\IdentityServer.Common\IdentityServer.OnePassword.Tests\IdentityServer.OnePassword.Tests.csproj", "{6D90D12F-6A5A-4071-B29F-36DC5813A40C}"
EndProject
Project("{9A19103F-16F7-4668-BE54-9A1E7A4F7556}") = "IdentityServer.Abstraction.Tests", "..\IdentityServer.Common\IdentityServer.Abstraction.Tests\IdentityServer.Abstraction.Tests.csproj", "{ED557C75-2FDE-1F68-E848-328A20E921D2}"
EndProject
Project("{FAE04EC0-301F-11D3-BF4B-00C04F79EFBC}") = "IdentityServer.Core.Serilog", "..\IdentityServer.Common\IdentityServer.Core.Serilog\IdentityServer.Core.Serilog.csproj", "{E2056DA7-FC18-BE6C-609B-E44273C5E37E}"
EndProject
Project("{2150E333-8FDC-42A3-9474-1A3956D46DE8}") = ".github", ".github", "{02EA681E-C7D8-13C7-8484-4AC65E1B71E8}"
	ProjectSection(SolutionItems) = preProject
		..\..\.github\copilot-instructions.md = ..\..\.github\copilot-instructions.md
	EndProjectSection
EndProject
Project("{2150E333-8FDC-42A3-9474-1A3956D46DE8}") = "memory-bank", "memory-bank", "{989242F8-A2BD-4062-9FB9-F167A5210FCD}"
	ProjectSection(SolutionItems) = preProject
		..\..\.github\memory-bank\avoidReflectionInUnitTests.md = ..\..\.github\memory-bank\avoidReflectionInUnitTests.md
		..\..\.github\memory-bank\constantsAndMagicStrings.md = ..\..\.github\memory-bank\constantsAndMagicStrings.md
		..\..\.github\memory-bank\dependencyInjectionInUnitTests.md = ..\..\.github\memory-bank\dependencyInjectionInUnitTests.md
	EndProjectSection
EndProject
Project("{FAE04EC0-301F-11D3-BF4B-00C04F79EFBC}") = "IdentityServer.Core.Serilog.Test", "..\IdentityServer.Common\IdentityServer.Core.Serilog.Test\IdentityServer.Core.Serilog.Test.csproj", "{ED0A927B-424C-77F4-160A-7A59CF104F0D}"
EndProject
Project("{FAE04EC0-301F-11D3-BF4B-00C04F79EFBC}") = "IdentityServer.MicrosoftGraph.Tests", "..\IdentityServer.Common\IdentityServer.MicrosoftGraph.Tests\IdentityServer.MicrosoftGraph.Tests.csproj", "{5CE21FAC-C137-CFC8-F7D8-A2749BE36C20}"
EndProject
Global
	GlobalSection(SolutionConfigurationPlatforms) = preSolution
		Debug|Any CPU = Debug|Any CPU
		Debug|ARM64 = Debug|ARM64
		Debug|x64 = Debug|x64
		Debug|x86 = Debug|x86
		Release|Any CPU = Release|Any CPU
		Release|ARM64 = Release|ARM64
		Release|x64 = Release|x64
		Release|x86 = Release|x86
	EndGlobalSection
	GlobalSection(ProjectConfigurationPlatforms) = postSolution
		{16F99834-CBC8-4672-8E6A-38425AB78C00}.Debug|Any CPU.ActiveCfg = Debug|Any CPU
		{16F99834-CBC8-4672-8E6A-38425AB78C00}.Debug|Any CPU.Build.0 = Debug|Any CPU
		{16F99834-CBC8-4672-8E6A-38425AB78C00}.Debug|ARM64.ActiveCfg = Debug|Any CPU
		{16F99834-CBC8-4672-8E6A-38425AB78C00}.Debug|ARM64.Build.0 = Debug|Any CPU
		{16F99834-CBC8-4672-8E6A-38425AB78C00}.Debug|x64.ActiveCfg = Debug|Any CPU
		{16F99834-CBC8-4672-8E6A-38425AB78C00}.Debug|x64.Build.0 = Debug|Any CPU
		{16F99834-CBC8-4672-8E6A-38425AB78C00}.Debug|x86.ActiveCfg = Debug|Any CPU
		{16F99834-CBC8-4672-8E6A-38425AB78C00}.Debug|x86.Build.0 = Debug|Any CPU
		{16F99834-CBC8-4672-8E6A-38425AB78C00}.Release|Any CPU.ActiveCfg = Release|Any CPU
		{16F99834-CBC8-4672-8E6A-38425AB78C00}.Release|Any CPU.Build.0 = Release|Any CPU
		{16F99834-CBC8-4672-8E6A-38425AB78C00}.Release|ARM64.ActiveCfg = Release|Any CPU
		{16F99834-CBC8-4672-8E6A-38425AB78C00}.Release|ARM64.Build.0 = Release|Any CPU
		{16F99834-CBC8-4672-8E6A-38425AB78C00}.Release|x64.ActiveCfg = Release|Any CPU
		{16F99834-CBC8-4672-8E6A-38425AB78C00}.Release|x64.Build.0 = Release|Any CPU
		{16F99834-CBC8-4672-8E6A-38425AB78C00}.Release|x86.ActiveCfg = Release|Any CPU
		{16F99834-CBC8-4672-8E6A-38425AB78C00}.Release|x86.Build.0 = Release|Any CPU
		{983135EB-0875-45A4-A67F-9813236080DA}.Debug|Any CPU.ActiveCfg = Debug|Any CPU
		{983135EB-0875-45A4-A67F-9813236080DA}.Debug|Any CPU.Build.0 = Debug|Any CPU
		{983135EB-0875-45A4-A67F-9813236080DA}.Debug|ARM64.ActiveCfg = Debug|Any CPU
		{983135EB-0875-45A4-A67F-9813236080DA}.Debug|ARM64.Build.0 = Debug|Any CPU
		{983135EB-0875-45A4-A67F-9813236080DA}.Debug|x64.ActiveCfg = Debug|Any CPU
		{983135EB-0875-45A4-A67F-9813236080DA}.Debug|x64.Build.0 = Debug|Any CPU
		{983135EB-0875-45A4-A67F-9813236080DA}.Debug|x86.ActiveCfg = Debug|Any CPU
		{983135EB-0875-45A4-A67F-9813236080DA}.Debug|x86.Build.0 = Debug|Any CPU
		{983135EB-0875-45A4-A67F-9813236080DA}.Release|Any CPU.ActiveCfg = Release|Any CPU
		{983135EB-0875-45A4-A67F-9813236080DA}.Release|Any CPU.Build.0 = Release|Any CPU
		{983135EB-0875-45A4-A67F-9813236080DA}.Release|ARM64.ActiveCfg = Release|Any CPU
		{983135EB-0875-45A4-A67F-9813236080DA}.Release|ARM64.Build.0 = Release|Any CPU
		{983135EB-0875-45A4-A67F-9813236080DA}.Release|x64.ActiveCfg = Release|Any CPU
		{983135EB-0875-45A4-A67F-9813236080DA}.Release|x64.Build.0 = Release|Any CPU
		{983135EB-0875-45A4-A67F-9813236080DA}.Release|x86.ActiveCfg = Release|Any CPU
		{983135EB-0875-45A4-A67F-9813236080DA}.Release|x86.Build.0 = Release|Any CPU
		{7692AC98-D093-4064-AEBF-7EF9D51CBBFB}.Debug|Any CPU.ActiveCfg = Debug|Any CPU
		{7692AC98-D093-4064-AEBF-7EF9D51CBBFB}.Debug|Any CPU.Build.0 = Debug|Any CPU
		{7692AC98-D093-4064-AEBF-7EF9D51CBBFB}.Debug|ARM64.ActiveCfg = Debug|Any CPU
		{7692AC98-D093-4064-AEBF-7EF9D51CBBFB}.Debug|ARM64.Build.0 = Debug|Any CPU
		{7692AC98-D093-4064-AEBF-7EF9D51CBBFB}.Debug|x64.ActiveCfg = Debug|Any CPU
		{7692AC98-D093-4064-AEBF-7EF9D51CBBFB}.Debug|x64.Build.0 = Debug|Any CPU
		{7692AC98-D093-4064-AEBF-7EF9D51CBBFB}.Debug|x86.ActiveCfg = Debug|Any CPU
		{7692AC98-D093-4064-AEBF-7EF9D51CBBFB}.Debug|x86.Build.0 = Debug|Any CPU
		{7692AC98-D093-4064-AEBF-7EF9D51CBBFB}.Release|Any CPU.ActiveCfg = Release|Any CPU
		{7692AC98-D093-4064-AEBF-7EF9D51CBBFB}.Release|Any CPU.Build.0 = Release|Any CPU
		{7692AC98-D093-4064-AEBF-7EF9D51CBBFB}.Release|ARM64.ActiveCfg = Release|Any CPU
		{7692AC98-D093-4064-AEBF-7EF9D51CBBFB}.Release|ARM64.Build.0 = Release|Any CPU
		{7692AC98-D093-4064-AEBF-7EF9D51CBBFB}.Release|x64.ActiveCfg = Release|Any CPU
		{7692AC98-D093-4064-AEBF-7EF9D51CBBFB}.Release|x64.Build.0 = Release|Any CPU
		{7692AC98-D093-4064-AEBF-7EF9D51CBBFB}.Release|x86.ActiveCfg = Release|Any CPU
		{7692AC98-D093-4064-AEBF-7EF9D51CBBFB}.Release|x86.Build.0 = Release|Any CPU
		{4B6EF40D-06DE-4688-9BAF-122B79C9CAE3}.Debug|Any CPU.ActiveCfg = Debug|Any CPU
		{4B6EF40D-06DE-4688-9BAF-122B79C9CAE3}.Debug|Any CPU.Build.0 = Debug|Any CPU
		{4B6EF40D-06DE-4688-9BAF-122B79C9CAE3}.Debug|ARM64.ActiveCfg = Debug|Any CPU
		{4B6EF40D-06DE-4688-9BAF-122B79C9CAE3}.Debug|ARM64.Build.0 = Debug|Any CPU
		{4B6EF40D-06DE-4688-9BAF-122B79C9CAE3}.Debug|x64.ActiveCfg = Debug|Any CPU
		{4B6EF40D-06DE-4688-9BAF-122B79C9CAE3}.Debug|x64.Build.0 = Debug|Any CPU
		{4B6EF40D-06DE-4688-9BAF-122B79C9CAE3}.Debug|x86.ActiveCfg = Debug|Any CPU
		{4B6EF40D-06DE-4688-9BAF-122B79C9CAE3}.Debug|x86.Build.0 = Debug|Any CPU
		{4B6EF40D-06DE-4688-9BAF-122B79C9CAE3}.Release|Any CPU.ActiveCfg = Release|Any CPU
		{4B6EF40D-06DE-4688-9BAF-122B79C9CAE3}.Release|Any CPU.Build.0 = Release|Any CPU
		{4B6EF40D-06DE-4688-9BAF-122B79C9CAE3}.Release|ARM64.ActiveCfg = Release|Any CPU
		{4B6EF40D-06DE-4688-9BAF-122B79C9CAE3}.Release|ARM64.Build.0 = Release|Any CPU
		{4B6EF40D-06DE-4688-9BAF-122B79C9CAE3}.Release|x64.ActiveCfg = Release|Any CPU
		{4B6EF40D-06DE-4688-9BAF-122B79C9CAE3}.Release|x64.Build.0 = Release|Any CPU
		{4B6EF40D-06DE-4688-9BAF-122B79C9CAE3}.Release|x86.ActiveCfg = Release|Any CPU
		{4B6EF40D-06DE-4688-9BAF-122B79C9CAE3}.Release|x86.Build.0 = Release|Any CPU
		{4D5BD425-C8DB-4466-A779-BF21808833AE}.Debug|Any CPU.ActiveCfg = Debug|Any CPU
		{4D5BD425-C8DB-4466-A779-BF21808833AE}.Debug|Any CPU.Build.0 = Debug|Any CPU
		{4D5BD425-C8DB-4466-A779-BF21808833AE}.Debug|ARM64.ActiveCfg = Debug|Any CPU
		{4D5BD425-C8DB-4466-A779-BF21808833AE}.Debug|ARM64.Build.0 = Debug|Any CPU
		{4D5BD425-C8DB-4466-A779-BF21808833AE}.Debug|x64.ActiveCfg = Debug|Any CPU
		{4D5BD425-C8DB-4466-A779-BF21808833AE}.Debug|x64.Build.0 = Debug|Any CPU
		{4D5BD425-C8DB-4466-A779-BF21808833AE}.Debug|x86.ActiveCfg = Debug|Any CPU
		{4D5BD425-C8DB-4466-A779-BF21808833AE}.Debug|x86.Build.0 = Debug|Any CPU
		{4D5BD425-C8DB-4466-A779-BF21808833AE}.Release|Any CPU.ActiveCfg = Release|Any CPU
		{4D5BD425-C8DB-4466-A779-BF21808833AE}.Release|Any CPU.Build.0 = Release|Any CPU
		{4D5BD425-C8DB-4466-A779-BF21808833AE}.Release|ARM64.ActiveCfg = Release|Any CPU
		{4D5BD425-C8DB-4466-A779-BF21808833AE}.Release|ARM64.Build.0 = Release|Any CPU
		{4D5BD425-C8DB-4466-A779-BF21808833AE}.Release|x64.ActiveCfg = Release|Any CPU
		{4D5BD425-C8DB-4466-A779-BF21808833AE}.Release|x64.Build.0 = Release|Any CPU
		{4D5BD425-C8DB-4466-A779-BF21808833AE}.Release|x86.ActiveCfg = Release|Any CPU
		{4D5BD425-C8DB-4466-A779-BF21808833AE}.Release|x86.Build.0 = Release|Any CPU
		{69844288-3CA1-40C9-AD3B-5B391A1A1498}.Debug|Any CPU.ActiveCfg = Debug|x64
		{69844288-3CA1-40C9-AD3B-5B391A1A1498}.Debug|Any CPU.Build.0 = Debug|x64
		{69844288-3CA1-40C9-AD3B-5B391A1A1498}.Debug|ARM64.ActiveCfg = Debug|ARM64
		{69844288-3CA1-40C9-AD3B-5B391A1A1498}.Debug|ARM64.Build.0 = Debug|ARM64
		{69844288-3CA1-40C9-AD3B-5B391A1A1498}.Debug|x64.ActiveCfg = Debug|x64
		{69844288-3CA1-40C9-AD3B-5B391A1A1498}.Debug|x64.Build.0 = Debug|x64
		{69844288-3CA1-40C9-AD3B-5B391A1A1498}.Debug|x86.ActiveCfg = Debug|x86
		{69844288-3CA1-40C9-AD3B-5B391A1A1498}.Debug|x86.Build.0 = Debug|x86
		{69844288-3CA1-40C9-AD3B-5B391A1A1498}.Release|Any CPU.ActiveCfg = Release|x64
		{69844288-3CA1-40C9-AD3B-5B391A1A1498}.Release|Any CPU.Build.0 = Release|x64
		{69844288-3CA1-40C9-AD3B-5B391A1A1498}.Release|ARM64.ActiveCfg = Release|ARM64
		{69844288-3CA1-40C9-AD3B-5B391A1A1498}.Release|ARM64.Build.0 = Release|ARM64
		{69844288-3CA1-40C9-AD3B-5B391A1A1498}.Release|x64.ActiveCfg = Release|x64
		{69844288-3CA1-40C9-AD3B-5B391A1A1498}.Release|x64.Build.0 = Release|x64
		{69844288-3CA1-40C9-AD3B-5B391A1A1498}.Release|x86.ActiveCfg = Release|x86
		{69844288-3CA1-40C9-AD3B-5B391A1A1498}.Release|x86.Build.0 = Release|x86
		{157D289F-9768-4591-8077-0E7631CA8EE1}.Debug|Any CPU.ActiveCfg = Debug|Any CPU
		{157D289F-9768-4591-8077-0E7631CA8EE1}.Debug|Any CPU.Build.0 = Debug|Any CPU
		{157D289F-9768-4591-8077-0E7631CA8EE1}.Debug|ARM64.ActiveCfg = Debug|Any CPU
		{157D289F-9768-4591-8077-0E7631CA8EE1}.Debug|ARM64.Build.0 = Debug|Any CPU
		{157D289F-9768-4591-8077-0E7631CA8EE1}.Debug|x64.ActiveCfg = Debug|Any CPU
		{157D289F-9768-4591-8077-0E7631CA8EE1}.Debug|x64.Build.0 = Debug|Any CPU
		{157D289F-9768-4591-8077-0E7631CA8EE1}.Debug|x86.ActiveCfg = Debug|Any CPU
		{157D289F-9768-4591-8077-0E7631CA8EE1}.Debug|x86.Build.0 = Debug|Any CPU
		{157D289F-9768-4591-8077-0E7631CA8EE1}.Release|Any CPU.ActiveCfg = Release|Any CPU
		{157D289F-9768-4591-8077-0E7631CA8EE1}.Release|Any CPU.Build.0 = Release|Any CPU
		{157D289F-9768-4591-8077-0E7631CA8EE1}.Release|ARM64.ActiveCfg = Release|Any CPU
		{157D289F-9768-4591-8077-0E7631CA8EE1}.Release|ARM64.Build.0 = Release|Any CPU
		{157D289F-9768-4591-8077-0E7631CA8EE1}.Release|x64.ActiveCfg = Release|Any CPU
		{157D289F-9768-4591-8077-0E7631CA8EE1}.Release|x64.Build.0 = Release|Any CPU
		{157D289F-9768-4591-8077-0E7631CA8EE1}.Release|x86.ActiveCfg = Release|Any CPU
		{157D289F-9768-4591-8077-0E7631CA8EE1}.Release|x86.Build.0 = Release|Any CPU
		{59862DE0-05B7-46BA-A31C-A32E9EF52118}.Debug|Any CPU.ActiveCfg = Debug|Any CPU
		{59862DE0-05B7-46BA-A31C-A32E9EF52118}.Debug|Any CPU.Build.0 = Debug|Any CPU
		{59862DE0-05B7-46BA-A31C-A32E9EF52118}.Debug|ARM64.ActiveCfg = Debug|Any CPU
		{59862DE0-05B7-46BA-A31C-A32E9EF52118}.Debug|ARM64.Build.0 = Debug|Any CPU
		{59862DE0-05B7-46BA-A31C-A32E9EF52118}.Debug|x64.ActiveCfg = Debug|Any CPU
		{59862DE0-05B7-46BA-A31C-A32E9EF52118}.Debug|x64.Build.0 = Debug|Any CPU
		{59862DE0-05B7-46BA-A31C-A32E9EF52118}.Debug|x86.ActiveCfg = Debug|Any CPU
		{59862DE0-05B7-46BA-A31C-A32E9EF52118}.Debug|x86.Build.0 = Debug|Any CPU
		{59862DE0-05B7-46BA-A31C-A32E9EF52118}.Release|Any CPU.ActiveCfg = Release|Any CPU
		{59862DE0-05B7-46BA-A31C-A32E9EF52118}.Release|Any CPU.Build.0 = Release|Any CPU
		{59862DE0-05B7-46BA-A31C-A32E9EF52118}.Release|ARM64.ActiveCfg = Release|Any CPU
		{59862DE0-05B7-46BA-A31C-A32E9EF52118}.Release|ARM64.Build.0 = Release|Any CPU
		{59862DE0-05B7-46BA-A31C-A32E9EF52118}.Release|x64.ActiveCfg = Release|Any CPU
		{59862DE0-05B7-46BA-A31C-A32E9EF52118}.Release|x64.Build.0 = Release|Any CPU
		{59862DE0-05B7-46BA-A31C-A32E9EF52118}.Release|x86.ActiveCfg = Release|Any CPU
		{59862DE0-05B7-46BA-A31C-A32E9EF52118}.Release|x86.Build.0 = Release|Any CPU
		{E112312C-AB6A-4634-B1CC-1993134710A3}.Debug|Any CPU.ActiveCfg = Debug|Any CPU
		{E112312C-AB6A-4634-B1CC-1993134710A3}.Debug|Any CPU.Build.0 = Debug|Any CPU
		{E112312C-AB6A-4634-B1CC-1993134710A3}.Debug|ARM64.ActiveCfg = Debug|Any CPU
		{E112312C-AB6A-4634-B1CC-1993134710A3}.Debug|ARM64.Build.0 = Debug|Any CPU
		{E112312C-AB6A-4634-B1CC-1993134710A3}.Debug|x64.ActiveCfg = Debug|Any CPU
		{E112312C-AB6A-4634-B1CC-1993134710A3}.Debug|x64.Build.0 = Debug|Any CPU
		{E112312C-AB6A-4634-B1CC-1993134710A3}.Debug|x86.ActiveCfg = Debug|Any CPU
		{E112312C-AB6A-4634-B1CC-1993134710A3}.Debug|x86.Build.0 = Debug|Any CPU
		{E112312C-AB6A-4634-B1CC-1993134710A3}.Release|Any CPU.ActiveCfg = Release|Any CPU
		{E112312C-AB6A-4634-B1CC-1993134710A3}.Release|Any CPU.Build.0 = Release|Any CPU
		{E112312C-AB6A-4634-B1CC-1993134710A3}.Release|ARM64.ActiveCfg = Release|Any CPU
		{E112312C-AB6A-4634-B1CC-1993134710A3}.Release|ARM64.Build.0 = Release|Any CPU
		{E112312C-AB6A-4634-B1CC-1993134710A3}.Release|x64.ActiveCfg = Release|Any CPU
		{E112312C-AB6A-4634-B1CC-1993134710A3}.Release|x64.Build.0 = Release|Any CPU
		{E112312C-AB6A-4634-B1CC-1993134710A3}.Release|x86.ActiveCfg = Release|Any CPU
		{E112312C-AB6A-4634-B1CC-1993134710A3}.Release|x86.Build.0 = Release|Any CPU
		{3ED44ACD-5DB3-47F2-892F-F73A016A33CB}.Debug|Any CPU.ActiveCfg = Debug|Any CPU
		{3ED44ACD-5DB3-47F2-892F-F73A016A33CB}.Debug|Any CPU.Build.0 = Debug|Any CPU
		{3ED44ACD-5DB3-47F2-892F-F73A016A33CB}.Debug|ARM64.ActiveCfg = Debug|Any CPU
		{3ED44ACD-5DB3-47F2-892F-F73A016A33CB}.Debug|ARM64.Build.0 = Debug|Any CPU
		{3ED44ACD-5DB3-47F2-892F-F73A016A33CB}.Debug|x64.ActiveCfg = Debug|Any CPU
		{3ED44ACD-5DB3-47F2-892F-F73A016A33CB}.Debug|x64.Build.0 = Debug|Any CPU
		{3ED44ACD-5DB3-47F2-892F-F73A016A33CB}.Debug|x86.ActiveCfg = Debug|Any CPU
		{3ED44ACD-5DB3-47F2-892F-F73A016A33CB}.Debug|x86.Build.0 = Debug|Any CPU
		{3ED44ACD-5DB3-47F2-892F-F73A016A33CB}.Release|Any CPU.ActiveCfg = Release|Any CPU
		{3ED44ACD-5DB3-47F2-892F-F73A016A33CB}.Release|Any CPU.Build.0 = Release|Any CPU
		{3ED44ACD-5DB3-47F2-892F-F73A016A33CB}.Release|ARM64.ActiveCfg = Release|Any CPU
		{3ED44ACD-5DB3-47F2-892F-F73A016A33CB}.Release|ARM64.Build.0 = Release|Any CPU
		{3ED44ACD-5DB3-47F2-892F-F73A016A33CB}.Release|x64.ActiveCfg = Release|Any CPU
		{3ED44ACD-5DB3-47F2-892F-F73A016A33CB}.Release|x64.Build.0 = Release|Any CPU
		{3ED44ACD-5DB3-47F2-892F-F73A016A33CB}.Release|x86.ActiveCfg = Release|Any CPU
		{3ED44ACD-5DB3-47F2-892F-F73A016A33CB}.Release|x86.Build.0 = Release|Any CPU
		{6D90D12F-6A5A-4071-B29F-36DC5813A40C}.Debug|Any CPU.ActiveCfg = Debug|Any CPU
		{6D90D12F-6A5A-4071-B29F-36DC5813A40C}.Debug|Any CPU.Build.0 = Debug|Any CPU
		{6D90D12F-6A5A-4071-B29F-36DC5813A40C}.Debug|ARM64.ActiveCfg = Debug|Any CPU
		{6D90D12F-6A5A-4071-B29F-36DC5813A40C}.Debug|ARM64.Build.0 = Debug|Any CPU
		{6D90D12F-6A5A-4071-B29F-36DC5813A40C}.Debug|x64.ActiveCfg = Debug|Any CPU
		{6D90D12F-6A5A-4071-B29F-36DC5813A40C}.Debug|x64.Build.0 = Debug|Any CPU
		{6D90D12F-6A5A-4071-B29F-36DC5813A40C}.Debug|x86.ActiveCfg = Debug|Any CPU
		{6D90D12F-6A5A-4071-B29F-36DC5813A40C}.Debug|x86.Build.0 = Debug|Any CPU
		{6D90D12F-6A5A-4071-B29F-36DC5813A40C}.Release|Any CPU.ActiveCfg = Release|Any CPU
		{6D90D12F-6A5A-4071-B29F-36DC5813A40C}.Release|Any CPU.Build.0 = Release|Any CPU
		{6D90D12F-6A5A-4071-B29F-36DC5813A40C}.Release|ARM64.ActiveCfg = Release|Any CPU
		{6D90D12F-6A5A-4071-B29F-36DC5813A40C}.Release|ARM64.Build.0 = Release|Any CPU
		{6D90D12F-6A5A-4071-B29F-36DC5813A40C}.Release|x64.ActiveCfg = Release|Any CPU
		{6D90D12F-6A5A-4071-B29F-36DC5813A40C}.Release|x64.Build.0 = Release|Any CPU
		{6D90D12F-6A5A-4071-B29F-36DC5813A40C}.Release|x86.ActiveCfg = Release|Any CPU
		{6D90D12F-6A5A-4071-B29F-36DC5813A40C}.Release|x86.Build.0 = Release|Any CPU
		{ED557C75-2FDE-1F68-E848-328A20E921D2}.Debug|Any CPU.ActiveCfg = Debug|Any CPU
		{ED557C75-2FDE-1F68-E848-328A20E921D2}.Debug|Any CPU.Build.0 = Debug|Any CPU
		{ED557C75-2FDE-1F68-E848-328A20E921D2}.Debug|ARM64.ActiveCfg = Debug|Any CPU
		{ED557C75-2FDE-1F68-E848-328A20E921D2}.Debug|ARM64.Build.0 = Debug|Any CPU
		{ED557C75-2FDE-1F68-E848-328A20E921D2}.Debug|x64.ActiveCfg = Debug|Any CPU
		{ED557C75-2FDE-1F68-E848-328A20E921D2}.Debug|x64.Build.0 = Debug|Any CPU
		{ED557C75-2FDE-1F68-E848-328A20E921D2}.Debug|x86.ActiveCfg = Debug|Any CPU
		{ED557C75-2FDE-1F68-E848-328A20E921D2}.Debug|x86.Build.0 = Debug|Any CPU
		{ED557C75-2FDE-1F68-E848-328A20E921D2}.Release|Any CPU.ActiveCfg = Release|Any CPU
		{ED557C75-2FDE-1F68-E848-328A20E921D2}.Release|Any CPU.Build.0 = Release|Any CPU
		{ED557C75-2FDE-1F68-E848-328A20E921D2}.Release|ARM64.ActiveCfg = Release|Any CPU
		{ED557C75-2FDE-1F68-E848-328A20E921D2}.Release|ARM64.Build.0 = Release|Any CPU
		{ED557C75-2FDE-1F68-E848-328A20E921D2}.Release|x64.ActiveCfg = Release|Any CPU
		{ED557C75-2FDE-1F68-E848-328A20E921D2}.Release|x64.Build.0 = Release|Any CPU
		{ED557C75-2FDE-1F68-E848-328A20E921D2}.Release|x86.ActiveCfg = Release|Any CPU
		{ED557C75-2FDE-1F68-E848-328A20E921D2}.Release|x86.Build.0 = Release|Any CPU
		{E2056DA7-FC18-BE6C-609B-E44273C5E37E}.Debug|Any CPU.ActiveCfg = Debug|Any CPU
		{E2056DA7-FC18-BE6C-609B-E44273C5E37E}.Debug|Any CPU.Build.0 = Debug|Any CPU
		{E2056DA7-FC18-BE6C-609B-E44273C5E37E}.Debug|ARM64.ActiveCfg = Debug|Any CPU
		{E2056DA7-FC18-BE6C-609B-E44273C5E37E}.Debug|ARM64.Build.0 = Debug|Any CPU
		{E2056DA7-FC18-BE6C-609B-E44273C5E37E}.Debug|x64.ActiveCfg = Debug|Any CPU
		{E2056DA7-FC18-BE6C-609B-E44273C5E37E}.Debug|x64.Build.0 = Debug|Any CPU
		{E2056DA7-FC18-BE6C-609B-E44273C5E37E}.Debug|x86.ActiveCfg = Debug|Any CPU
		{E2056DA7-FC18-BE6C-609B-E44273C5E37E}.Debug|x86.Build.0 = Debug|Any CPU
		{E2056DA7-FC18-BE6C-609B-E44273C5E37E}.Release|Any CPU.ActiveCfg = Release|Any CPU
		{E2056DA7-FC18-BE6C-609B-E44273C5E37E}.Release|Any CPU.Build.0 = Release|Any CPU
		{E2056DA7-FC18-BE6C-609B-E44273C5E37E}.Release|ARM64.ActiveCfg = Release|Any CPU
		{E2056DA7-FC18-BE6C-609B-E44273C5E37E}.Release|ARM64.Build.0 = Release|Any CPU
		{E2056DA7-FC18-BE6C-609B-E44273C5E37E}.Release|x64.ActiveCfg = Release|Any CPU
		{E2056DA7-FC18-BE6C-609B-E44273C5E37E}.Release|x64.Build.0 = Release|Any CPU
		{E2056DA7-FC18-BE6C-609B-E44273C5E37E}.Release|x86.ActiveCfg = Release|Any CPU
		{E2056DA7-FC18-BE6C-609B-E44273C5E37E}.Release|x86.Build.0 = Release|Any CPU
		{ED0A927B-424C-77F4-160A-7A59CF104F0D}.Debug|Any CPU.ActiveCfg = Debug|Any CPU
		{ED0A927B-424C-77F4-160A-7A59CF104F0D}.Debug|Any CPU.Build.0 = Debug|Any CPU
		{ED0A927B-424C-77F4-160A-7A59CF104F0D}.Debug|ARM64.ActiveCfg = Debug|Any CPU
		{ED0A927B-424C-77F4-160A-7A59CF104F0D}.Debug|ARM64.Build.0 = Debug|Any CPU
		{ED0A927B-424C-77F4-160A-7A59CF104F0D}.Debug|x64.ActiveCfg = Debug|Any CPU
		{ED0A927B-424C-77F4-160A-7A59CF104F0D}.Debug|x64.Build.0 = Debug|Any CPU
		{ED0A927B-424C-77F4-160A-7A59CF104F0D}.Debug|x86.ActiveCfg = Debug|Any CPU
		{ED0A927B-424C-77F4-160A-7A59CF104F0D}.Debug|x86.Build.0 = Debug|Any CPU
		{ED0A927B-424C-77F4-160A-7A59CF104F0D}.Release|Any CPU.ActiveCfg = Release|Any CPU
		{ED0A927B-424C-77F4-160A-7A59CF104F0D}.Release|Any CPU.Build.0 = Release|Any CPU
		{ED0A927B-424C-77F4-160A-7A59CF104F0D}.Release|ARM64.ActiveCfg = Release|Any CPU
		{ED0A927B-424C-77F4-160A-7A59CF104F0D}.Release|ARM64.Build.0 = Release|Any CPU
		{ED0A927B-424C-77F4-160A-7A59CF104F0D}.Release|x64.ActiveCfg = Release|Any CPU
		{ED0A927B-424C-77F4-160A-7A59CF104F0D}.Release|x64.Build.0 = Release|Any CPU
		{ED0A927B-424C-77F4-160A-7A59CF104F0D}.Release|x86.ActiveCfg = Release|Any CPU
		{ED0A927B-424C-77F4-160A-7A59CF104F0D}.Release|x86.Build.0 = Release|Any CPU
		{5CE21FAC-C137-CFC8-F7D8-A2749BE36C20}.Debug|Any CPU.ActiveCfg = Debug|Any CPU
		{5CE21FAC-C137-CFC8-F7D8-A2749BE36C20}.Debug|Any CPU.Build.0 = Debug|Any CPU
		{5CE21FAC-C137-CFC8-F7D8-A2749BE36C20}.Debug|ARM64.ActiveCfg = Debug|Any CPU
		{5CE21FAC-C137-CFC8-F7D8-A2749BE36C20}.Debug|ARM64.Build.0 = Debug|Any CPU
		{5CE21FAC-C137-CFC8-F7D8-A2749BE36C20}.Debug|x64.ActiveCfg = Debug|Any CPU
		{5CE21FAC-C137-CFC8-F7D8-A2749BE36C20}.Debug|x64.Build.0 = Debug|Any CPU
		{5CE21FAC-C137-CFC8-F7D8-A2749BE36C20}.Debug|x86.ActiveCfg = Debug|Any CPU
		{5CE21FAC-C137-CFC8-F7D8-A2749BE36C20}.Debug|x86.Build.0 = Debug|Any CPU
		{5CE21FAC-C137-CFC8-F7D8-A2749BE36C20}.Release|Any CPU.ActiveCfg = Release|Any CPU
		{5CE21FAC-C137-CFC8-F7D8-A2749BE36C20}.Release|Any CPU.Build.0 = Release|Any CPU
		{5CE21FAC-C137-CFC8-F7D8-A2749BE36C20}.Release|ARM64.ActiveCfg = Release|Any CPU
		{5CE21FAC-C137-CFC8-F7D8-A2749BE36C20}.Release|ARM64.Build.0 = Release|Any CPU
		{5CE21FAC-C137-CFC8-F7D8-A2749BE36C20}.Release|x64.ActiveCfg = Release|Any CPU
		{5CE21FAC-C137-CFC8-F7D8-A2749BE36C20}.Release|x64.Build.0 = Release|Any CPU
		{5CE21FAC-C137-CFC8-F7D8-A2749BE36C20}.Release|x86.ActiveCfg = Release|Any CPU
		{5CE21FAC-C137-CFC8-F7D8-A2749BE36C20}.Release|x86.Build.0 = Release|Any CPU
	EndGlobalSection
	GlobalSection(SolutionProperties) = preSolution
		HideSolutionNode = FALSE
	EndGlobalSection
	GlobalSection(NestedProjects) = preSolution
		{989242F8-A2BD-4062-9FB9-F167A5210FCD} = {02EA681E-C7D8-13C7-8484-4AC65E1B71E8}
	EndGlobalSection
	GlobalSection(ExtensibilityGlobals) = postSolution
		SolutionGuid = {9242E0ED-8874-4C06-9AA0-855C0C35CBA7}
	EndGlobalSection
EndGlobal
