
Microsoft Visual Studio Solution File, Format Version 12.00
# Visual Studio Version 17
VisualStudioVersion = 17.12.35707.178
MinimumVisualStudioVersion = 10.0.40219.1
Project("{9A19103F-16F7-4668-BE54-9A1E7A4F7556}") = "IdentityServer.AdminPortal.Server", "IdentityServer.AdminPortal.Server\IdentityServer.AdminPortal.Server.csproj", "{A3DF156E-5AFA-4513-B214-756E40500905}"
EndProject
Project("{9A19103F-16F7-4668-BE54-9A1E7A4F7556}") = "IdentityServer.AdminPortal.Web", "IdentityServer.AdminPortal.Web\IdentityServer.AdminPortal.Web.csproj", "{3B98E69F-F0A7-4C2E-B3A6-D9F813AD70C6}"
EndProject
Project("{2150E333-8FDC-42A3-9474-1A3956D46DE8}") = "Common", "Common", "{D66B3F28-3C4E-488F-ACB8-5A1FAE81B90C}"
EndProject
Project("{9A19103F-16F7-4668-BE54-9A1E7A4F7556}") = "IdentityServer.Core", "..\IdentityServer.Common\IdentityServer.Core\IdentityServer.Core.csproj", "{16E1C273-1B45-47E3-B53B-2516FFA931EE}"
EndProject
Project("{9A19103F-16F7-4668-BE54-9A1E7A4F7556}") = "IdentityServer.Abstraction", "..\IdentityServer.Common\IdentityServer.Abstraction\IdentityServer.Abstraction.csproj", "{2232636D-BA10-45E8-A0AD-A51ACE504267}"
EndProject
Project("{9A19103F-16F7-4668-BE54-9A1E7A4F7556}") = "IdentityServer.Data", "..\IdentityServer.Common\IdentityServer.Data\IdentityServer.Data.csproj", "{E9D5C4BD-75E7-402E-A8F1-4CBF791D6E75}"
EndProject
Project("{9A19103F-16F7-4668-BE54-9A1E7A4F7556}") = "IdentityServer.Data.Test", "..\IdentityServer.Common\IdentityServer.Data.Test\IdentityServer.Data.Test.csproj", "{0C74CD3E-63DE-4D44-89D8-C6EBCE6F6545}"
EndProject
Project("{2150E333-8FDC-42A3-9474-1A3956D46DE8}") = "Data", "Data", "{8B5AD15C-A7D3-4E5C-BA77-4FF196F9341C}"
EndProject
Project("{930C7802-8A8C-48F9-8165-68863BCCD9DD}") = "IdentityServer.AdminPortal.Setup", "IdentityServer.AdminPortal.Setup\IdentityServer.AdminPortal.Setup.wixproj", "{8F355C0A-C2D3-42FE-A5BD-D4447167AE9E}"
EndProject
Project("{9A19103F-16F7-4668-BE54-9A1E7A4F7556}") = "IdentityServer.AdminPortal.Test", "IdentityServer.AdminPortal.Test\IdentityServer.AdminPortal.Test.csproj", "{530283A8-6FF3-404A-B73C-6F757D45CA84}"
EndProject
Project("{9A19103F-16F7-4668-BE54-9A1E7A4F7556}") = "IdentityServer.MicrosoftGraph", "..\IdentityServer.Common\IdentityServer.MicrosoftGraph\IdentityServer.MicrosoftGraph.csproj", "{19B35B9E-0D3B-46AC-8378-EF3FA4FB848A}"
EndProject
Project("{9A19103F-16F7-4668-BE54-9A1E7A4F7556}") = "IdentityServer.Abstraction.Tests", "..\IdentityServer.Common\IdentityServer.Abstraction.Tests\IdentityServer.Abstraction.Tests.csproj", "{E1933789-181A-4B03-8EAF-B8004F0B5C9E}"
EndProject
Project("{9A19103F-16F7-4668-BE54-9A1E7A4F7556}") = "IdentityServer.Tests.Common", "..\IdentityServer.Common\IdentityServer.Tests.Common\IdentityServer.Tests.Common.csproj", "{71A160CD-5279-4786-A4A6-D3B2DDF0FBD7}"
EndProject
Project("{9A19103F-16F7-4668-BE54-9A1E7A4F7556}") = "IdentityServer.OnePassword", "..\IdentityServer.Common\IdentityServer.OnePassword\IdentityServer.OnePassword.csproj", "{B9E659CA-B86D-4D11-AD14-EE05A0339414}"
EndProject
Project("{9A19103F-16F7-4668-BE54-9A1E7A4F7556}") = "IdentityServer.OnePassword.Tests", "..\IdentityServer.Common\IdentityServer.OnePassword.Tests\IdentityServer.OnePassword.Tests.csproj", "{1DC5DE38-6640-4FFB-AC8F-1FB9D3625134}"
EndProject
Project("{FAE04EC0-301F-11D3-BF4B-00C04F79EFBC}") = "IdentityServer.AdminPortal.Web.Tests", "IdentityServer.AdminPortal.Web.Tests\IdentityServer.AdminPortal.Web.Tests.csproj", "{9B9EEDF5-27A5-3124-5104-92FE0E4DFC1D}"
EndProject
Project("{2150E333-8FDC-42A3-9474-1A3956D46DE8}") = ".github", ".github", "{02EA681E-C7D8-13C7-8484-4AC65E1B71E8}"
	ProjectSection(SolutionItems) = preProject
		..\..\.github\copilot-instructions.md = ..\..\.github\copilot-instructions.md
	EndProjectSection
EndProject
Project("{2150E333-8FDC-42A3-9474-1A3956D46DE8}") = "memory-bank", "memory-bank", "{989242F8-A2BD-4062-9FB9-F167A5210FCD}"
	ProjectSection(SolutionItems) = preProject
		..\..\.github\memory-bank\avoidReflectionInUnitTests.md = ..\..\.github\memory-bank\avoidReflectionInUnitTests.md
		..\..\.github\memory-bank\constantsAndMagicStrings.md = ..\..\.github\memory-bank\constantsAndMagicStrings.md
		..\..\.github\memory-bank\dependencyInjectionInUnitTests.md = ..\..\.github\memory-bank\dependencyInjectionInUnitTests.md
	EndProjectSection
EndProject
Project("{FAE04EC0-301F-11D3-BF4B-00C04F79EFBC}") = "IdentityServer.Core.Serilog", "..\IdentityServer.Common\IdentityServer.Core.Serilog\IdentityServer.Core.Serilog.csproj", "{E2056DA7-FC18-BE6C-609B-E44273C5E37E}"
EndProject
Project("{FAE04EC0-301F-11D3-BF4B-00C04F79EFBC}") = "IdentityServer.Core.Serilog.Test", "..\IdentityServer.Common\IdentityServer.Core.Serilog.Test\IdentityServer.Core.Serilog.Test.csproj", "{ED0A927B-424C-77F4-160A-7A59CF104F0D}"
EndProject
Project("{9A19103F-16F7-4668-BE54-9A1E7A4F7556}") = "IdentityServer.MicrosoftGraph.Tests", "..\IdentityServer.Common\IdentityServer.MicrosoftGraph.Tests\IdentityServer.MicrosoftGraph.Tests.csproj", "{2082F5F0-6AD5-4651-8364-EF4D10E07387}"
EndProject
Global
	GlobalSection(SolutionConfigurationPlatforms) = preSolution
		Debug|Any CPU = Debug|Any CPU
		Debug|ARM64 = Debug|ARM64
		Debug|x64 = Debug|x64
		Debug|x86 = Debug|x86
		Release|Any CPU = Release|Any CPU
		Release|ARM64 = Release|ARM64
		Release|x64 = Release|x64
		Release|x86 = Release|x86
	EndGlobalSection
	GlobalSection(ProjectConfigurationPlatforms) = postSolution
		{A3DF156E-5AFA-4513-B214-756E40500905}.Debug|Any CPU.ActiveCfg = Debug|Any CPU
		{A3DF156E-5AFA-4513-B214-756E40500905}.Debug|Any CPU.Build.0 = Debug|Any CPU
		{A3DF156E-5AFA-4513-B214-756E40500905}.Debug|ARM64.ActiveCfg = Debug|Any CPU
		{A3DF156E-5AFA-4513-B214-756E40500905}.Debug|ARM64.Build.0 = Debug|Any CPU
		{A3DF156E-5AFA-4513-B214-756E40500905}.Debug|x64.ActiveCfg = Debug|Any CPU
		{A3DF156E-5AFA-4513-B214-756E40500905}.Debug|x64.Build.0 = Debug|Any CPU
		{A3DF156E-5AFA-4513-B214-756E40500905}.Debug|x86.ActiveCfg = Debug|Any CPU
		{A3DF156E-5AFA-4513-B214-756E40500905}.Debug|x86.Build.0 = Debug|Any CPU
		{A3DF156E-5AFA-4513-B214-756E40500905}.Release|Any CPU.ActiveCfg = Release|Any CPU
		{A3DF156E-5AFA-4513-B214-756E40500905}.Release|Any CPU.Build.0 = Release|Any CPU
		{A3DF156E-5AFA-4513-B214-756E40500905}.Release|ARM64.ActiveCfg = Release|Any CPU
		{A3DF156E-5AFA-4513-B214-756E40500905}.Release|ARM64.Build.0 = Release|Any CPU
		{A3DF156E-5AFA-4513-B214-756E40500905}.Release|x64.ActiveCfg = Release|Any CPU
		{A3DF156E-5AFA-4513-B214-756E40500905}.Release|x64.Build.0 = Release|Any CPU
		{A3DF156E-5AFA-4513-B214-756E40500905}.Release|x86.ActiveCfg = Release|Any CPU
		{A3DF156E-5AFA-4513-B214-756E40500905}.Release|x86.Build.0 = Release|Any CPU
		{3B98E69F-F0A7-4C2E-B3A6-D9F813AD70C6}.Debug|Any CPU.ActiveCfg = Debug|Any CPU
		{3B98E69F-F0A7-4C2E-B3A6-D9F813AD70C6}.Debug|Any CPU.Build.0 = Debug|Any CPU
		{3B98E69F-F0A7-4C2E-B3A6-D9F813AD70C6}.Debug|ARM64.ActiveCfg = Debug|Any CPU
		{3B98E69F-F0A7-4C2E-B3A6-D9F813AD70C6}.Debug|ARM64.Build.0 = Debug|Any CPU
		{3B98E69F-F0A7-4C2E-B3A6-D9F813AD70C6}.Debug|x64.ActiveCfg = Debug|Any CPU
		{3B98E69F-F0A7-4C2E-B3A6-D9F813AD70C6}.Debug|x64.Build.0 = Debug|Any CPU
		{3B98E69F-F0A7-4C2E-B3A6-D9F813AD70C6}.Debug|x86.ActiveCfg = Debug|Any CPU
		{3B98E69F-F0A7-4C2E-B3A6-D9F813AD70C6}.Debug|x86.Build.0 = Debug|Any CPU
		{3B98E69F-F0A7-4C2E-B3A6-D9F813AD70C6}.Release|Any CPU.ActiveCfg = Release|Any CPU
		{3B98E69F-F0A7-4C2E-B3A6-D9F813AD70C6}.Release|Any CPU.Build.0 = Release|Any CPU
		{3B98E69F-F0A7-4C2E-B3A6-D9F813AD70C6}.Release|ARM64.ActiveCfg = Release|Any CPU
		{3B98E69F-F0A7-4C2E-B3A6-D9F813AD70C6}.Release|ARM64.Build.0 = Release|Any CPU
		{3B98E69F-F0A7-4C2E-B3A6-D9F813AD70C6}.Release|x64.ActiveCfg = Release|Any CPU
		{3B98E69F-F0A7-4C2E-B3A6-D9F813AD70C6}.Release|x64.Build.0 = Release|Any CPU
		{3B98E69F-F0A7-4C2E-B3A6-D9F813AD70C6}.Release|x86.ActiveCfg = Release|Any CPU
		{3B98E69F-F0A7-4C2E-B3A6-D9F813AD70C6}.Release|x86.Build.0 = Release|Any CPU
		{16E1C273-1B45-47E3-B53B-2516FFA931EE}.Debug|Any CPU.ActiveCfg = Debug|Any CPU
		{16E1C273-1B45-47E3-B53B-2516FFA931EE}.Debug|Any CPU.Build.0 = Debug|Any CPU
		{16E1C273-1B45-47E3-B53B-2516FFA931EE}.Debug|ARM64.ActiveCfg = Debug|Any CPU
		{16E1C273-1B45-47E3-B53B-2516FFA931EE}.Debug|ARM64.Build.0 = Debug|Any CPU
		{16E1C273-1B45-47E3-B53B-2516FFA931EE}.Debug|x64.ActiveCfg = Debug|Any CPU
		{16E1C273-1B45-47E3-B53B-2516FFA931EE}.Debug|x64.Build.0 = Debug|Any CPU
		{16E1C273-1B45-47E3-B53B-2516FFA931EE}.Debug|x86.ActiveCfg = Debug|Any CPU
		{16E1C273-1B45-47E3-B53B-2516FFA931EE}.Debug|x86.Build.0 = Debug|Any CPU
		{16E1C273-1B45-47E3-B53B-2516FFA931EE}.Release|Any CPU.ActiveCfg = Release|Any CPU
		{16E1C273-1B45-47E3-B53B-2516FFA931EE}.Release|Any CPU.Build.0 = Release|Any CPU
		{16E1C273-1B45-47E3-B53B-2516FFA931EE}.Release|ARM64.ActiveCfg = Release|Any CPU
		{16E1C273-1B45-47E3-B53B-2516FFA931EE}.Release|ARM64.Build.0 = Release|Any CPU
		{16E1C273-1B45-47E3-B53B-2516FFA931EE}.Release|x64.ActiveCfg = Release|Any CPU
		{16E1C273-1B45-47E3-B53B-2516FFA931EE}.Release|x64.Build.0 = Release|Any CPU
		{16E1C273-1B45-47E3-B53B-2516FFA931EE}.Release|x86.ActiveCfg = Release|Any CPU
		{16E1C273-1B45-47E3-B53B-2516FFA931EE}.Release|x86.Build.0 = Release|Any CPU
		{2232636D-BA10-45E8-A0AD-A51ACE504267}.Debug|Any CPU.ActiveCfg = Debug|Any CPU
		{2232636D-BA10-45E8-A0AD-A51ACE504267}.Debug|Any CPU.Build.0 = Debug|Any CPU
		{2232636D-BA10-45E8-A0AD-A51ACE504267}.Debug|ARM64.ActiveCfg = Debug|Any CPU
		{2232636D-BA10-45E8-A0AD-A51ACE504267}.Debug|ARM64.Build.0 = Debug|Any CPU
		{2232636D-BA10-45E8-A0AD-A51ACE504267}.Debug|x64.ActiveCfg = Debug|Any CPU
		{2232636D-BA10-45E8-A0AD-A51ACE504267}.Debug|x64.Build.0 = Debug|Any CPU
		{2232636D-BA10-45E8-A0AD-A51ACE504267}.Debug|x86.ActiveCfg = Debug|Any CPU
		{2232636D-BA10-45E8-A0AD-A51ACE504267}.Debug|x86.Build.0 = Debug|Any CPU
		{2232636D-BA10-45E8-A0AD-A51ACE504267}.Release|Any CPU.ActiveCfg = Release|Any CPU
		{2232636D-BA10-45E8-A0AD-A51ACE504267}.Release|Any CPU.Build.0 = Release|Any CPU
		{2232636D-BA10-45E8-A0AD-A51ACE504267}.Release|ARM64.ActiveCfg = Release|Any CPU
		{2232636D-BA10-45E8-A0AD-A51ACE504267}.Release|ARM64.Build.0 = Release|Any CPU
		{2232636D-BA10-45E8-A0AD-A51ACE504267}.Release|x64.ActiveCfg = Release|Any CPU
		{2232636D-BA10-45E8-A0AD-A51ACE504267}.Release|x64.Build.0 = Release|Any CPU
		{2232636D-BA10-45E8-A0AD-A51ACE504267}.Release|x86.ActiveCfg = Release|Any CPU
		{2232636D-BA10-45E8-A0AD-A51ACE504267}.Release|x86.Build.0 = Release|Any CPU
		{E9D5C4BD-75E7-402E-A8F1-4CBF791D6E75}.Debug|Any CPU.ActiveCfg = Debug|Any CPU
		{E9D5C4BD-75E7-402E-A8F1-4CBF791D6E75}.Debug|Any CPU.Build.0 = Debug|Any CPU
		{E9D5C4BD-75E7-402E-A8F1-4CBF791D6E75}.Debug|ARM64.ActiveCfg = Debug|Any CPU
		{E9D5C4BD-75E7-402E-A8F1-4CBF791D6E75}.Debug|ARM64.Build.0 = Debug|Any CPU
		{E9D5C4BD-75E7-402E-A8F1-4CBF791D6E75}.Debug|x64.ActiveCfg = Debug|Any CPU
		{E9D5C4BD-75E7-402E-A8F1-4CBF791D6E75}.Debug|x64.Build.0 = Debug|Any CPU
		{E9D5C4BD-75E7-402E-A8F1-4CBF791D6E75}.Debug|x86.ActiveCfg = Debug|Any CPU
		{E9D5C4BD-75E7-402E-A8F1-4CBF791D6E75}.Debug|x86.Build.0 = Debug|Any CPU
		{E9D5C4BD-75E7-402E-A8F1-4CBF791D6E75}.Release|Any CPU.ActiveCfg = Release|Any CPU
		{E9D5C4BD-75E7-402E-A8F1-4CBF791D6E75}.Release|Any CPU.Build.0 = Release|Any CPU
		{E9D5C4BD-75E7-402E-A8F1-4CBF791D6E75}.Release|ARM64.ActiveCfg = Release|Any CPU
		{E9D5C4BD-75E7-402E-A8F1-4CBF791D6E75}.Release|ARM64.Build.0 = Release|Any CPU
		{E9D5C4BD-75E7-402E-A8F1-4CBF791D6E75}.Release|x64.ActiveCfg = Release|Any CPU
		{E9D5C4BD-75E7-402E-A8F1-4CBF791D6E75}.Release|x64.Build.0 = Release|Any CPU
		{E9D5C4BD-75E7-402E-A8F1-4CBF791D6E75}.Release|x86.ActiveCfg = Release|Any CPU
		{E9D5C4BD-75E7-402E-A8F1-4CBF791D6E75}.Release|x86.Build.0 = Release|Any CPU
		{0C74CD3E-63DE-4D44-89D8-C6EBCE6F6545}.Debug|Any CPU.ActiveCfg = Debug|Any CPU
		{0C74CD3E-63DE-4D44-89D8-C6EBCE6F6545}.Debug|Any CPU.Build.0 = Debug|Any CPU
		{0C74CD3E-63DE-4D44-89D8-C6EBCE6F6545}.Debug|ARM64.ActiveCfg = Debug|Any CPU
		{0C74CD3E-63DE-4D44-89D8-C6EBCE6F6545}.Debug|ARM64.Build.0 = Debug|Any CPU
		{0C74CD3E-63DE-4D44-89D8-C6EBCE6F6545}.Debug|x64.ActiveCfg = Debug|Any CPU
		{0C74CD3E-63DE-4D44-89D8-C6EBCE6F6545}.Debug|x64.Build.0 = Debug|Any CPU
		{0C74CD3E-63DE-4D44-89D8-C6EBCE6F6545}.Debug|x86.ActiveCfg = Debug|Any CPU
		{0C74CD3E-63DE-4D44-89D8-C6EBCE6F6545}.Debug|x86.Build.0 = Debug|Any CPU
		{0C74CD3E-63DE-4D44-89D8-C6EBCE6F6545}.Release|Any CPU.ActiveCfg = Release|Any CPU
		{0C74CD3E-63DE-4D44-89D8-C6EBCE6F6545}.Release|Any CPU.Build.0 = Release|Any CPU
		{0C74CD3E-63DE-4D44-89D8-C6EBCE6F6545}.Release|ARM64.ActiveCfg = Release|Any CPU
		{0C74CD3E-63DE-4D44-89D8-C6EBCE6F6545}.Release|ARM64.Build.0 = Release|Any CPU
		{0C74CD3E-63DE-4D44-89D8-C6EBCE6F6545}.Release|x64.ActiveCfg = Release|Any CPU
		{0C74CD3E-63DE-4D44-89D8-C6EBCE6F6545}.Release|x64.Build.0 = Release|Any CPU
		{0C74CD3E-63DE-4D44-89D8-C6EBCE6F6545}.Release|x86.ActiveCfg = Release|Any CPU
		{0C74CD3E-63DE-4D44-89D8-C6EBCE6F6545}.Release|x86.Build.0 = Release|Any CPU
		{8F355C0A-C2D3-42FE-A5BD-D4447167AE9E}.Debug|Any CPU.ActiveCfg = Debug|x64
		{8F355C0A-C2D3-42FE-A5BD-D4447167AE9E}.Debug|Any CPU.Build.0 = Debug|x64
		{8F355C0A-C2D3-42FE-A5BD-D4447167AE9E}.Debug|ARM64.ActiveCfg = Debug|ARM64
		{8F355C0A-C2D3-42FE-A5BD-D4447167AE9E}.Debug|ARM64.Build.0 = Debug|ARM64
		{8F355C0A-C2D3-42FE-A5BD-D4447167AE9E}.Debug|x64.ActiveCfg = Debug|x64
		{8F355C0A-C2D3-42FE-A5BD-D4447167AE9E}.Debug|x64.Build.0 = Debug|x64
		{8F355C0A-C2D3-42FE-A5BD-D4447167AE9E}.Debug|x86.ActiveCfg = Debug|x86
		{8F355C0A-C2D3-42FE-A5BD-D4447167AE9E}.Debug|x86.Build.0 = Debug|x86
		{8F355C0A-C2D3-42FE-A5BD-D4447167AE9E}.Release|Any CPU.ActiveCfg = Release|x64
		{8F355C0A-C2D3-42FE-A5BD-D4447167AE9E}.Release|Any CPU.Build.0 = Release|x64
		{8F355C0A-C2D3-42FE-A5BD-D4447167AE9E}.Release|ARM64.ActiveCfg = Release|ARM64
		{8F355C0A-C2D3-42FE-A5BD-D4447167AE9E}.Release|ARM64.Build.0 = Release|ARM64
		{8F355C0A-C2D3-42FE-A5BD-D4447167AE9E}.Release|x64.ActiveCfg = Release|x64
		{8F355C0A-C2D3-42FE-A5BD-D4447167AE9E}.Release|x64.Build.0 = Release|x64
		{8F355C0A-C2D3-42FE-A5BD-D4447167AE9E}.Release|x86.ActiveCfg = Release|x86
		{8F355C0A-C2D3-42FE-A5BD-D4447167AE9E}.Release|x86.Build.0 = Release|x86
		{530283A8-6FF3-404A-B73C-6F757D45CA84}.Debug|Any CPU.ActiveCfg = Debug|Any CPU
		{530283A8-6FF3-404A-B73C-6F757D45CA84}.Debug|Any CPU.Build.0 = Debug|Any CPU
		{530283A8-6FF3-404A-B73C-6F757D45CA84}.Debug|ARM64.ActiveCfg = Debug|Any CPU
		{530283A8-6FF3-404A-B73C-6F757D45CA84}.Debug|ARM64.Build.0 = Debug|Any CPU
		{530283A8-6FF3-404A-B73C-6F757D45CA84}.Debug|x64.ActiveCfg = Debug|Any CPU
		{530283A8-6FF3-404A-B73C-6F757D45CA84}.Debug|x64.Build.0 = Debug|Any CPU
		{530283A8-6FF3-404A-B73C-6F757D45CA84}.Debug|x86.ActiveCfg = Debug|Any CPU
		{530283A8-6FF3-404A-B73C-6F757D45CA84}.Debug|x86.Build.0 = Debug|Any CPU
		{530283A8-6FF3-404A-B73C-6F757D45CA84}.Release|Any CPU.ActiveCfg = Release|Any CPU
		{530283A8-6FF3-404A-B73C-6F757D45CA84}.Release|Any CPU.Build.0 = Release|Any CPU
		{530283A8-6FF3-404A-B73C-6F757D45CA84}.Release|ARM64.ActiveCfg = Release|Any CPU
		{530283A8-6FF3-404A-B73C-6F757D45CA84}.Release|ARM64.Build.0 = Release|Any CPU
		{530283A8-6FF3-404A-B73C-6F757D45CA84}.Release|x64.ActiveCfg = Release|Any CPU
		{530283A8-6FF3-404A-B73C-6F757D45CA84}.Release|x64.Build.0 = Release|Any CPU
		{530283A8-6FF3-404A-B73C-6F757D45CA84}.Release|x86.ActiveCfg = Release|Any CPU
		{530283A8-6FF3-404A-B73C-6F757D45CA84}.Release|x86.Build.0 = Release|Any CPU
		{19B35B9E-0D3B-46AC-8378-EF3FA4FB848A}.Debug|Any CPU.ActiveCfg = Debug|Any CPU
		{19B35B9E-0D3B-46AC-8378-EF3FA4FB848A}.Debug|Any CPU.Build.0 = Debug|Any CPU
		{19B35B9E-0D3B-46AC-8378-EF3FA4FB848A}.Debug|ARM64.ActiveCfg = Debug|Any CPU
		{19B35B9E-0D3B-46AC-8378-EF3FA4FB848A}.Debug|ARM64.Build.0 = Debug|Any CPU
		{19B35B9E-0D3B-46AC-8378-EF3FA4FB848A}.Debug|x64.ActiveCfg = Debug|Any CPU
		{19B35B9E-0D3B-46AC-8378-EF3FA4FB848A}.Debug|x64.Build.0 = Debug|Any CPU
		{19B35B9E-0D3B-46AC-8378-EF3FA4FB848A}.Debug|x86.ActiveCfg = Debug|Any CPU
		{19B35B9E-0D3B-46AC-8378-EF3FA4FB848A}.Debug|x86.Build.0 = Debug|Any CPU
		{19B35B9E-0D3B-46AC-8378-EF3FA4FB848A}.Release|Any CPU.ActiveCfg = Release|Any CPU
		{19B35B9E-0D3B-46AC-8378-EF3FA4FB848A}.Release|Any CPU.Build.0 = Release|Any CPU
		{19B35B9E-0D3B-46AC-8378-EF3FA4FB848A}.Release|ARM64.ActiveCfg = Release|Any CPU
		{19B35B9E-0D3B-46AC-8378-EF3FA4FB848A}.Release|ARM64.Build.0 = Release|Any CPU
		{19B35B9E-0D3B-46AC-8378-EF3FA4FB848A}.Release|x64.ActiveCfg = Release|Any CPU
		{19B35B9E-0D3B-46AC-8378-EF3FA4FB848A}.Release|x64.Build.0 = Release|Any CPU
		{19B35B9E-0D3B-46AC-8378-EF3FA4FB848A}.Release|x86.ActiveCfg = Release|Any CPU
		{19B35B9E-0D3B-46AC-8378-EF3FA4FB848A}.Release|x86.Build.0 = Release|Any CPU
		{E1933789-181A-4B03-8EAF-B8004F0B5C9E}.Debug|Any CPU.ActiveCfg = Debug|Any CPU
		{E1933789-181A-4B03-8EAF-B8004F0B5C9E}.Debug|Any CPU.Build.0 = Debug|Any CPU
		{E1933789-181A-4B03-8EAF-B8004F0B5C9E}.Debug|ARM64.ActiveCfg = Debug|Any CPU
		{E1933789-181A-4B03-8EAF-B8004F0B5C9E}.Debug|ARM64.Build.0 = Debug|Any CPU
		{E1933789-181A-4B03-8EAF-B8004F0B5C9E}.Debug|x64.ActiveCfg = Debug|Any CPU
		{E1933789-181A-4B03-8EAF-B8004F0B5C9E}.Debug|x64.Build.0 = Debug|Any CPU
		{E1933789-181A-4B03-8EAF-B8004F0B5C9E}.Debug|x86.ActiveCfg = Debug|Any CPU
		{E1933789-181A-4B03-8EAF-B8004F0B5C9E}.Debug|x86.Build.0 = Debug|Any CPU
		{E1933789-181A-4B03-8EAF-B8004F0B5C9E}.Release|Any CPU.ActiveCfg = Release|Any CPU
		{E1933789-181A-4B03-8EAF-B8004F0B5C9E}.Release|Any CPU.Build.0 = Release|Any CPU
		{E1933789-181A-4B03-8EAF-B8004F0B5C9E}.Release|ARM64.ActiveCfg = Release|Any CPU
		{E1933789-181A-4B03-8EAF-B8004F0B5C9E}.Release|ARM64.Build.0 = Release|Any CPU
		{E1933789-181A-4B03-8EAF-B8004F0B5C9E}.Release|x64.ActiveCfg = Release|Any CPU
		{E1933789-181A-4B03-8EAF-B8004F0B5C9E}.Release|x64.Build.0 = Release|Any CPU
		{E1933789-181A-4B03-8EAF-B8004F0B5C9E}.Release|x86.ActiveCfg = Release|Any CPU
		{E1933789-181A-4B03-8EAF-B8004F0B5C9E}.Release|x86.Build.0 = Release|Any CPU
		{71A160CD-5279-4786-A4A6-D3B2DDF0FBD7}.Debug|Any CPU.ActiveCfg = Debug|Any CPU
		{71A160CD-5279-4786-A4A6-D3B2DDF0FBD7}.Debug|Any CPU.Build.0 = Debug|Any CPU
		{71A160CD-5279-4786-A4A6-D3B2DDF0FBD7}.Debug|ARM64.ActiveCfg = Debug|Any CPU
		{71A160CD-5279-4786-A4A6-D3B2DDF0FBD7}.Debug|ARM64.Build.0 = Debug|Any CPU
		{71A160CD-5279-4786-A4A6-D3B2DDF0FBD7}.Debug|x64.ActiveCfg = Debug|Any CPU
		{71A160CD-5279-4786-A4A6-D3B2DDF0FBD7}.Debug|x64.Build.0 = Debug|Any CPU
		{71A160CD-5279-4786-A4A6-D3B2DDF0FBD7}.Debug|x86.ActiveCfg = Debug|Any CPU
		{71A160CD-5279-4786-A4A6-D3B2DDF0FBD7}.Debug|x86.Build.0 = Debug|Any CPU
		{71A160CD-5279-4786-A4A6-D3B2DDF0FBD7}.Release|Any CPU.ActiveCfg = Release|Any CPU
		{71A160CD-5279-4786-A4A6-D3B2DDF0FBD7}.Release|Any CPU.Build.0 = Release|Any CPU
		{71A160CD-5279-4786-A4A6-D3B2DDF0FBD7}.Release|ARM64.ActiveCfg = Release|Any CPU
		{71A160CD-5279-4786-A4A6-D3B2DDF0FBD7}.Release|ARM64.Build.0 = Release|Any CPU
		{71A160CD-5279-4786-A4A6-D3B2DDF0FBD7}.Release|x64.ActiveCfg = Release|Any CPU
		{71A160CD-5279-4786-A4A6-D3B2DDF0FBD7}.Release|x64.Build.0 = Release|Any CPU
		{71A160CD-5279-4786-A4A6-D3B2DDF0FBD7}.Release|x86.ActiveCfg = Release|Any CPU
		{71A160CD-5279-4786-A4A6-D3B2DDF0FBD7}.Release|x86.Build.0 = Release|Any CPU
		{B9E659CA-B86D-4D11-AD14-EE05A0339414}.Debug|Any CPU.ActiveCfg = Debug|Any CPU
		{B9E659CA-B86D-4D11-AD14-EE05A0339414}.Debug|Any CPU.Build.0 = Debug|Any CPU
		{B9E659CA-B86D-4D11-AD14-EE05A0339414}.Debug|ARM64.ActiveCfg = Debug|Any CPU
		{B9E659CA-B86D-4D11-AD14-EE05A0339414}.Debug|ARM64.Build.0 = Debug|Any CPU
		{B9E659CA-B86D-4D11-AD14-EE05A0339414}.Debug|x64.ActiveCfg = Debug|Any CPU
		{B9E659CA-B86D-4D11-AD14-EE05A0339414}.Debug|x64.Build.0 = Debug|Any CPU
		{B9E659CA-B86D-4D11-AD14-EE05A0339414}.Debug|x86.ActiveCfg = Debug|Any CPU
		{B9E659CA-B86D-4D11-AD14-EE05A0339414}.Debug|x86.Build.0 = Debug|Any CPU
		{B9E659CA-B86D-4D11-AD14-EE05A0339414}.Release|Any CPU.ActiveCfg = Release|Any CPU
		{B9E659CA-B86D-4D11-AD14-EE05A0339414}.Release|Any CPU.Build.0 = Release|Any CPU
		{B9E659CA-B86D-4D11-AD14-EE05A0339414}.Release|ARM64.ActiveCfg = Release|Any CPU
		{B9E659CA-B86D-4D11-AD14-EE05A0339414}.Release|ARM64.Build.0 = Release|Any CPU
		{B9E659CA-B86D-4D11-AD14-EE05A0339414}.Release|x64.ActiveCfg = Release|Any CPU
		{B9E659CA-B86D-4D11-AD14-EE05A0339414}.Release|x64.Build.0 = Release|Any CPU
		{B9E659CA-B86D-4D11-AD14-EE05A0339414}.Release|x86.ActiveCfg = Release|Any CPU
		{B9E659CA-B86D-4D11-AD14-EE05A0339414}.Release|x86.Build.0 = Release|Any CPU
		{1DC5DE38-6640-4FFB-AC8F-1FB9D3625134}.Debug|Any CPU.ActiveCfg = Debug|Any CPU
		{1DC5DE38-6640-4FFB-AC8F-1FB9D3625134}.Debug|Any CPU.Build.0 = Debug|Any CPU
		{1DC5DE38-6640-4FFB-AC8F-1FB9D3625134}.Debug|ARM64.ActiveCfg = Debug|Any CPU
		{1DC5DE38-6640-4FFB-AC8F-1FB9D3625134}.Debug|ARM64.Build.0 = Debug|Any CPU
		{1DC5DE38-6640-4FFB-AC8F-1FB9D3625134}.Debug|x64.ActiveCfg = Debug|Any CPU
		{1DC5DE38-6640-4FFB-AC8F-1FB9D3625134}.Debug|x64.Build.0 = Debug|Any CPU
		{1DC5DE38-6640-4FFB-AC8F-1FB9D3625134}.Debug|x86.ActiveCfg = Debug|Any CPU
		{1DC5DE38-6640-4FFB-AC8F-1FB9D3625134}.Debug|x86.Build.0 = Debug|Any CPU
		{1DC5DE38-6640-4FFB-AC8F-1FB9D3625134}.Release|Any CPU.ActiveCfg = Release|Any CPU
		{1DC5DE38-6640-4FFB-AC8F-1FB9D3625134}.Release|Any CPU.Build.0 = Release|Any CPU
		{1DC5DE38-6640-4FFB-AC8F-1FB9D3625134}.Release|ARM64.ActiveCfg = Release|Any CPU
		{1DC5DE38-6640-4FFB-AC8F-1FB9D3625134}.Release|ARM64.Build.0 = Release|Any CPU
		{1DC5DE38-6640-4FFB-AC8F-1FB9D3625134}.Release|x64.ActiveCfg = Release|Any CPU
		{1DC5DE38-6640-4FFB-AC8F-1FB9D3625134}.Release|x64.Build.0 = Release|Any CPU
		{1DC5DE38-6640-4FFB-AC8F-1FB9D3625134}.Release|x86.ActiveCfg = Release|Any CPU
		{1DC5DE38-6640-4FFB-AC8F-1FB9D3625134}.Release|x86.Build.0 = Release|Any CPU
		{9B9EEDF5-27A5-3124-5104-92FE0E4DFC1D}.Debug|Any CPU.ActiveCfg = Debug|Any CPU
		{9B9EEDF5-27A5-3124-5104-92FE0E4DFC1D}.Debug|Any CPU.Build.0 = Debug|Any CPU
		{9B9EEDF5-27A5-3124-5104-92FE0E4DFC1D}.Debug|ARM64.ActiveCfg = Debug|Any CPU
		{9B9EEDF5-27A5-3124-5104-92FE0E4DFC1D}.Debug|ARM64.Build.0 = Debug|Any CPU
		{9B9EEDF5-27A5-3124-5104-92FE0E4DFC1D}.Debug|x64.ActiveCfg = Debug|Any CPU
		{9B9EEDF5-27A5-3124-5104-92FE0E4DFC1D}.Debug|x64.Build.0 = Debug|Any CPU
		{9B9EEDF5-27A5-3124-5104-92FE0E4DFC1D}.Debug|x86.ActiveCfg = Debug|Any CPU
		{9B9EEDF5-27A5-3124-5104-92FE0E4DFC1D}.Debug|x86.Build.0 = Debug|Any CPU
		{9B9EEDF5-27A5-3124-5104-92FE0E4DFC1D}.Release|Any CPU.ActiveCfg = Release|Any CPU
		{9B9EEDF5-27A5-3124-5104-92FE0E4DFC1D}.Release|Any CPU.Build.0 = Release|Any CPU
		{9B9EEDF5-27A5-3124-5104-92FE0E4DFC1D}.Release|ARM64.ActiveCfg = Release|Any CPU
		{9B9EEDF5-27A5-3124-5104-92FE0E4DFC1D}.Release|ARM64.Build.0 = Release|Any CPU
		{9B9EEDF5-27A5-3124-5104-92FE0E4DFC1D}.Release|x64.ActiveCfg = Release|Any CPU
		{9B9EEDF5-27A5-3124-5104-92FE0E4DFC1D}.Release|x64.Build.0 = Release|Any CPU
		{9B9EEDF5-27A5-3124-5104-92FE0E4DFC1D}.Release|x86.ActiveCfg = Release|Any CPU
		{9B9EEDF5-27A5-3124-5104-92FE0E4DFC1D}.Release|x86.Build.0 = Release|Any CPU
		{E2056DA7-FC18-BE6C-609B-E44273C5E37E}.Debug|Any CPU.ActiveCfg = Debug|Any CPU
		{E2056DA7-FC18-BE6C-609B-E44273C5E37E}.Debug|Any CPU.Build.0 = Debug|Any CPU
		{E2056DA7-FC18-BE6C-609B-E44273C5E37E}.Debug|ARM64.ActiveCfg = Debug|Any CPU
		{E2056DA7-FC18-BE6C-609B-E44273C5E37E}.Debug|ARM64.Build.0 = Debug|Any CPU
		{E2056DA7-FC18-BE6C-609B-E44273C5E37E}.Debug|x64.ActiveCfg = Debug|Any CPU
		{E2056DA7-FC18-BE6C-609B-E44273C5E37E}.Debug|x64.Build.0 = Debug|Any CPU
		{E2056DA7-FC18-BE6C-609B-E44273C5E37E}.Debug|x86.ActiveCfg = Debug|Any CPU
		{E2056DA7-FC18-BE6C-609B-E44273C5E37E}.Debug|x86.Build.0 = Debug|Any CPU
		{E2056DA7-FC18-BE6C-609B-E44273C5E37E}.Release|Any CPU.ActiveCfg = Release|Any CPU
		{E2056DA7-FC18-BE6C-609B-E44273C5E37E}.Release|Any CPU.Build.0 = Release|Any CPU
		{E2056DA7-FC18-BE6C-609B-E44273C5E37E}.Release|ARM64.ActiveCfg = Release|Any CPU
		{E2056DA7-FC18-BE6C-609B-E44273C5E37E}.Release|ARM64.Build.0 = Release|Any CPU
		{E2056DA7-FC18-BE6C-609B-E44273C5E37E}.Release|x64.ActiveCfg = Release|Any CPU
		{E2056DA7-FC18-BE6C-609B-E44273C5E37E}.Release|x64.Build.0 = Release|Any CPU
		{E2056DA7-FC18-BE6C-609B-E44273C5E37E}.Release|x86.ActiveCfg = Release|Any CPU
		{E2056DA7-FC18-BE6C-609B-E44273C5E37E}.Release|x86.Build.0 = Release|Any CPU
		{ED0A927B-424C-77F4-160A-7A59CF104F0D}.Debug|Any CPU.ActiveCfg = Debug|Any CPU
		{ED0A927B-424C-77F4-160A-7A59CF104F0D}.Debug|Any CPU.Build.0 = Debug|Any CPU
		{ED0A927B-424C-77F4-160A-7A59CF104F0D}.Debug|ARM64.ActiveCfg = Debug|Any CPU
		{ED0A927B-424C-77F4-160A-7A59CF104F0D}.Debug|ARM64.Build.0 = Debug|Any CPU
		{ED0A927B-424C-77F4-160A-7A59CF104F0D}.Debug|x64.ActiveCfg = Debug|Any CPU
		{ED0A927B-424C-77F4-160A-7A59CF104F0D}.Debug|x64.Build.0 = Debug|Any CPU
		{ED0A927B-424C-77F4-160A-7A59CF104F0D}.Debug|x86.ActiveCfg = Debug|Any CPU
		{ED0A927B-424C-77F4-160A-7A59CF104F0D}.Debug|x86.Build.0 = Debug|Any CPU
		{ED0A927B-424C-77F4-160A-7A59CF104F0D}.Release|Any CPU.ActiveCfg = Release|Any CPU
		{ED0A927B-424C-77F4-160A-7A59CF104F0D}.Release|Any CPU.Build.0 = Release|Any CPU
		{ED0A927B-424C-77F4-160A-7A59CF104F0D}.Release|ARM64.ActiveCfg = Release|Any CPU
		{ED0A927B-424C-77F4-160A-7A59CF104F0D}.Release|ARM64.Build.0 = Release|Any CPU
		{ED0A927B-424C-77F4-160A-7A59CF104F0D}.Release|x64.ActiveCfg = Release|Any CPU
		{ED0A927B-424C-77F4-160A-7A59CF104F0D}.Release|x64.Build.0 = Release|Any CPU
		{ED0A927B-424C-77F4-160A-7A59CF104F0D}.Release|x86.ActiveCfg = Release|Any CPU
		{ED0A927B-424C-77F4-160A-7A59CF104F0D}.Release|x86.Build.0 = Release|Any CPU
		{2082F5F0-6AD5-4651-8364-EF4D10E07387}.Debug|Any CPU.ActiveCfg = Debug|Any CPU
		{2082F5F0-6AD5-4651-8364-EF4D10E07387}.Debug|Any CPU.Build.0 = Debug|Any CPU
		{2082F5F0-6AD5-4651-8364-EF4D10E07387}.Debug|ARM64.ActiveCfg = Debug|Any CPU
		{2082F5F0-6AD5-4651-8364-EF4D10E07387}.Debug|ARM64.Build.0 = Debug|Any CPU
		{2082F5F0-6AD5-4651-8364-EF4D10E07387}.Debug|x64.ActiveCfg = Debug|Any CPU
		{2082F5F0-6AD5-4651-8364-EF4D10E07387}.Debug|x64.Build.0 = Debug|Any CPU
		{2082F5F0-6AD5-4651-8364-EF4D10E07387}.Debug|x86.ActiveCfg = Debug|Any CPU
		{2082F5F0-6AD5-4651-8364-EF4D10E07387}.Debug|x86.Build.0 = Debug|Any CPU
		{2082F5F0-6AD5-4651-8364-EF4D10E07387}.Release|Any CPU.ActiveCfg = Release|Any CPU
		{2082F5F0-6AD5-4651-8364-EF4D10E07387}.Release|Any CPU.Build.0 = Release|Any CPU
		{2082F5F0-6AD5-4651-8364-EF4D10E07387}.Release|ARM64.ActiveCfg = Release|Any CPU
		{2082F5F0-6AD5-4651-8364-EF4D10E07387}.Release|ARM64.Build.0 = Release|Any CPU
		{2082F5F0-6AD5-4651-8364-EF4D10E07387}.Release|x64.ActiveCfg = Release|Any CPU
		{2082F5F0-6AD5-4651-8364-EF4D10E07387}.Release|x64.Build.0 = Release|Any CPU
		{2082F5F0-6AD5-4651-8364-EF4D10E07387}.Release|x86.ActiveCfg = Release|Any CPU
		{2082F5F0-6AD5-4651-8364-EF4D10E07387}.Release|x86.Build.0 = Release|Any CPU
	EndGlobalSection
	GlobalSection(SolutionProperties) = preSolution
		HideSolutionNode = FALSE
	EndGlobalSection
	GlobalSection(NestedProjects) = preSolution
		{16E1C273-1B45-47E3-B53B-2516FFA931EE} = {D66B3F28-3C4E-488F-ACB8-5A1FAE81B90C}
		{2232636D-BA10-45E8-A0AD-A51ACE504267} = {D66B3F28-3C4E-488F-ACB8-5A1FAE81B90C}
		{E9D5C4BD-75E7-402E-A8F1-4CBF791D6E75} = {8B5AD15C-A7D3-4E5C-BA77-4FF196F9341C}
		{0C74CD3E-63DE-4D44-89D8-C6EBCE6F6545} = {8B5AD15C-A7D3-4E5C-BA77-4FF196F9341C}
		{19B35B9E-0D3B-46AC-8378-EF3FA4FB848A} = {D66B3F28-3C4E-488F-ACB8-5A1FAE81B90C}
		{E1933789-181A-4B03-8EAF-B8004F0B5C9E} = {D66B3F28-3C4E-488F-ACB8-5A1FAE81B90C}
		{71A160CD-5279-4786-A4A6-D3B2DDF0FBD7} = {D66B3F28-3C4E-488F-ACB8-5A1FAE81B90C}
		{B9E659CA-B86D-4D11-AD14-EE05A0339414} = {D66B3F28-3C4E-488F-ACB8-5A1FAE81B90C}
		{1DC5DE38-6640-4FFB-AC8F-1FB9D3625134} = {D66B3F28-3C4E-488F-ACB8-5A1FAE81B90C}
		{989242F8-A2BD-4062-9FB9-F167A5210FCD} = {02EA681E-C7D8-13C7-8484-4AC65E1B71E8}
		{E2056DA7-FC18-BE6C-609B-E44273C5E37E} = {D66B3F28-3C4E-488F-ACB8-5A1FAE81B90C}
		{ED0A927B-424C-77F4-160A-7A59CF104F0D} = {D66B3F28-3C4E-488F-ACB8-5A1FAE81B90C}
		{2082F5F0-6AD5-4651-8364-EF4D10E07387} = {D66B3F28-3C4E-488F-ACB8-5A1FAE81B90C}
	EndGlobalSection
	GlobalSection(ExtensibilityGlobals) = postSolution
		SolutionGuid = {2499626F-5C02-4128-9DF9-ECBAF299F7E5}
	EndGlobalSection
EndGlobal
